
Microsoft Visual Studio Solution File, Format Version 12.00
# Visual Studio Version 17
VisualStudioVersion = 17.8.34322.80
MinimumVisualStudioVersion = 10.0.40219.1
Project("{FAE04EC0-301F-11D3-BF4B-00C04F79EFBC}") = "PromocaoCarnes", "PromocaoCarnes\PromocaoCarnes.csproj", "{455B343C-C9D6-4CA2-BE66-A88D15D4D5B9}"
EndProject
Global
	GlobalSection(SolutionConfigurationPlatforms) = preSolution
		Debug|Any CPU = Debug|Any CPU
		Release|Any CPU = Release|Any CPU
	EndGlobalSection
	GlobalSection(ProjectConfigurationPlatforms) = postSolution
		{455B343C-C9D6-4CA2-BE66-A88D15D4D5B9}.Debug|Any CPU.ActiveCfg = Debug|Any CPU
		{455B343C-C9D6-4CA2-BE66-A88D15D4D5B9}.Debug|Any CPU.Build.0 = Debug|Any CPU
		{455B343C-C9D6-4CA2-BE66-A88D15D4D5B9}.Release|Any CPU.ActiveCfg = Release|Any CPU
		{455B343C-C9D6-4CA2-BE66-A88D15D4D5B9}.Release|Any CPU.Build.0 = Release|Any CPU
	EndGlobalSection
	GlobalSection(SolutionProperties) = preSolution
		HideSolutionNode = FALSE
	EndGlobalSection
	GlobalSection(ExtensibilityGlobals) = postSolution
		SolutionGuid = {8F1A539B-67EA-45DA-B222-F48E5A8AF8F1}
	EndGlobalSection
EndGlobal
