
Microsoft Visual Studio Solution File, Format Version 12.00
# Visual Studio Version 17
VisualStudioVersion = 17.8.34322.80
MinimumVisualStudioVersion = 10.0.40219.1
Project("{FAE04EC0-301F-11D3-BF4B-00C04F79EFBC}") = "Jogo", "Jogo\Jogo.csproj", "{987298FD-E0CB-484B-97CD-5961499D115B}"
EndProject
Global
	GlobalSection(SolutionConfigurationPlatforms) = preSolution
		Debug|Any CPU = Debug|Any CPU
		Release|Any CPU = Release|Any CPU
	EndGlobalSection
	GlobalSection(ProjectConfigurationPlatforms) = postSolution
		{987298FD-E0CB-484B-97CD-5961499D115B}.Debug|Any CPU.ActiveCfg = Debug|Any CPU
		{987298FD-E0CB-484B-97CD-5961499D115B}.Debug|Any CPU.Build.0 = Debug|Any CPU
		{987298FD-E0CB-484B-97CD-5961499D115B}.Release|Any CPU.ActiveCfg = Release|Any CPU
		{987298FD-E0CB-484B-97CD-5961499D115B}.Release|Any CPU.Build.0 = Release|Any CPU
	EndGlobalSection
	GlobalSection(SolutionProperties) = preSolution
		HideSolutionNode = FALSE
	EndGlobalSection
	GlobalSection(ExtensibilityGlobals) = postSolution
		SolutionGuid = {A17B6265-FDA6-4775-9277-0954ED451B94}
	EndGlobalSection
EndGlobal
